// !$*UTF8*$!
{
	archiveVersion = 1;
	classes = {
	};
	objectVersion = 77;
	objects = {

/* Begin PBXBuildFile section */
		9CFE82AD2F3DD0860042D74D /* FirebaseAnalytics in Frameworks */ = {isa = PBXBuildFile; productRef = 9CFE82AC2F3DD0860042D74D /* FirebaseAnalytics */; };
		9CFE82AF2F3DD0860042D74D /* FirebaseAuth in Frameworks */ = {isa = PBXBuildFile; productRef = 9CFE82AE2F3DD0860042D74D /* FirebaseAuth */; };
		9CFE82B12F3DD0860042D74D /* FirebaseFirestore in Frameworks */ = {isa = PBXBuildFile; productRef = 9CFE82B02F3DD0860042D74D /* FirebaseFirestore */; };
		9CFE82B32F3DD0860042D74D /* FirebaseStorage in Frameworks */ = {isa = PBXBuildFile; productRef = 9CFE82B22F3DD0860042D74D /* FirebaseStorage */; };
		9CFE82B82F3DD0860042D74D /* FirebaseFunctions in Frameworks */ = {isa = PBXBuildFile; productRef = 9CFE82B72F3DD0860042D74D /* FirebaseFunctions */; };
		A1E0000E2F3E10010042E101 /* RunTrackingLiveActivityExtension.appex in Embed Foundation Extensions */ = {isa = PBXBuildFile; fileRef = A1E000012F3E10010042E101 /* RunTrackingLiveActivityExtension.appex */; settings = {ATTRIBUTES = (RemoveHeadersOnCopy, ); }; };
		B2E000012F4AA0010042E101 /* FirebaseMessaging in Frameworks */ = {isa = PBXBuildFile; productRef = B2E000022F4AA0010042E101 /* FirebaseMessaging */; };
/* End PBXBuildFile section */

/* Begin PBXContainerItemProxy section */
		A1E0000F2F3E10010042E101 /* PBXContainerItemProxy */ = {
			isa = PBXContainerItemProxy;
			containerPortal = 9C1CF0A42F29A9BF0065106B /* Project object */;
			proxyType = 1;
			remoteGlobalIDString = A1E000032F3E10010042E101;
			remoteInfo = RunTrackingLiveActivityExtension;
		};
/* End PBXContainerItemProxy section */

/* Begin PBXCopyFilesBuildPhase section */
		A1E000082F3E10010042E101 /* Embed Foundation Extensions */ = {
			isa = PBXCopyFilesBuildPhase;
			buildActionMask = 2147483647;
			dstPath = "";
			dstSubfolderSpec = 13;
			files = (
				A1E0000E2F3E10010042E101 /* RunTrackingLiveActivityExtension.appex in Embed Foundation Extensions */,
			);
			name = "Embed Foundation Extensions";
			runOnlyForDeploymentPostprocessing = 0;
		};
/* End PBXCopyFilesBuildPhase section */

/* Begin PBXFileReference section */
		9C1CF0AC2F29A9BF0065106B /* TASUKI.app */ = {isa = PBXFileReference; explicitFileType = wrapper.application; includeInIndex = 0; path = TASUKI.app; sourceTree = BUILT_PRODUCTS_DIR; };
		A1E000012F3E10010042E101 /* RunTrackingLiveActivityExtension.appex */ = {isa = PBXFileReference; explicitFileType = "wrapper.app-extension"; includeInIndex = 0; path = RunTrackingLiveActivityExtension.appex; sourceTree = BUILT_PRODUCTS_DIR; };
/* End PBXFileReference section */

/* Begin PBXFileSystemSynchronizedBuildFileExceptionSet section */
		30A9BCF42F53261100D25D00 /* Exceptions for "TASUKI" folder in "TASUKI" target */ = {
			isa = PBXFileSystemSynchronizedBuildFileExceptionSet;
			membershipExceptions = (
				Info.plist,
			);
			target = 9C1CF0AB2F29A9BF0065106B /* TASUKI */;
		};
		A1E000112F3E10010042E101 /* Exceptions for "RunTrackingLiveActivityExtension" folder in "RunTrackingLiveActivityExtension" target */ = {
			isa = PBXFileSystemSynchronizedBuildFileExceptionSet;
			membershipExceptions = (
				Info.plist,
			);
			target = A1E000032F3E10010042E101 /* RunTrackingLiveActivityExtension */;
		};
/* End PBXFileSystemSynchronizedBuildFileExceptionSet section */

/* Begin PBXFileSystemSynchronizedRootGroup section */
		9C1CF0AE2F29A9BF0065106B /* TASUKI */ = {
			isa = PBXFileSystemSynchronizedRootGroup;
			exceptions = (
				30A9BCF42F53261100D25D00 /* Exceptions for "TASUKI" folder in "TASUKI" target */,
			);
			path = TASUKI;
			sourceTree = "<group>";
		};
		A1E000022F3E10010042E101 /* RunTrackingLiveActivityExtension */ = {
			isa = PBXFileSystemSynchronizedRootGroup;
			exceptions = (
				A1E000112F3E10010042E101 /* Exceptions for "RunTrackingLiveActivityExtension" folder in "RunTrackingLiveActivityExtension" target */,
			);
			path = RunTrackingLiveActivityExtension;
			sourceTree = "<group>";
		};
/* End PBXFileSystemSynchronizedRootGroup section */

/* Begin PBXFrameworksBuildPhase section */
		9C1CF0A92F29A9BF0065106B /* Frameworks */ = {
			isa = PBXFrameworksBuildPhase;
			buildActionMask = 2147483647;
			files = (
				9CFE82AD2F3DD0860042D74D /* FirebaseAnalytics in Frameworks */,
				9CFE82AF2F3DD0860042D74D /* FirebaseAuth in Frameworks */,
				9CFE82B12F3DD0860042D74D /* FirebaseFirestore in Frameworks */,
				9CFE82B32F3DD0860042D74D /* FirebaseStorage in Frameworks */,
				9CFE82B82F3DD0860042D74D /* FirebaseFunctions in Frameworks */,
				B2E000012F4AA0010042E101 /* FirebaseMessaging in Frameworks */,
			);
			runOnlyForDeploymentPostprocessing = 0;
		};
		A1E000042F3E10010042E101 /* Frameworks */ = {
			isa = PBXFrameworksBuildPhase;
			buildActionMask = 2147483647;
			files = (
			);
			runOnlyForDeploymentPostprocessing = 0;
		};
/* End PBXFrameworksBuildPhase section */

/* Begin PBXGroup section */
		9C1CF0A32F29A9BF0065106B = {
			isa = PBXGroup;
			children = (
				9C1CF0AE2F29A9BF0065106B /* TASUKI */,
				A1E000022F3E10010042E101 /* RunTrackingLiveActivityExtension */,
				9C1CF0AD2F29A9BF0065106B /* Products */,
			);
			sourceTree = "<group>";
		};
		9C1CF0AD2F29A9BF0065106B /* Products */ = {
			isa = PBXGroup;
			children = (
				9C1CF0AC2F29A9BF0065106B /* TASUKI.app */,
				A1E000012F3E10010042E101 /* RunTrackingLiveActivityExtension.appex */,
			);
			name = Products;
			sourceTree = "<group>";
		};
/* End PBXGroup section */

/* Begin PBXNativeTarget section */
		9C1CF0AB2F29A9BF0065106B /* TASUKI */ = {
			isa = PBXNativeTarget;
			buildConfigurationList = 9C1CF0B72F29A9C00065106B /* Build configuration list for PBXNativeTarget "TASUKI" */;
			buildPhases = (
				9C1CF0A82F29A9BF0065106B /* Sources */,
				9C1CF0A92F29A9BF0065106B /* Frameworks */,
				9C1CF0AA2F29A9BF0065106B /* Resources */,
				A1E000082F3E10010042E101 /* Embed Foundation Extensions */,
			);
			buildRules = (
			);
			dependencies = (
				A1E000102F3E10010042E101 /* PBXTargetDependency */,
			);
			fileSystemSynchronizedGroups = (
				9C1CF0AE2F29A9BF0065106B /* TASUKI */,
			);
			name = TASUKI;
			packageProductDependencies = (
				9CFE82AC2F3DD0860042D74D /* FirebaseAnalytics */,
				9CFE82AE2F3DD0860042D74D /* FirebaseAuth */,
				9CFE82B02F3DD0860042D74D /* FirebaseFirestore */,
				9CFE82B22F3DD0860042D74D /* FirebaseStorage */,
				9CFE82B72F3DD0860042D74D /* FirebaseFunctions */,
				B2E000022F4AA0010042E101 /* FirebaseMessaging */,
			);
			productName = TASUKI;
			productReference = 9C1CF0AC2F29A9BF0065106B /* TASUKI.app */;
			productType = "com.apple.product-type.application";
		};
		A1E000032F3E10010042E101 /* RunTrackingLiveActivityExtension */ = {
			isa = PBXNativeTarget;
			buildConfigurationList = A1E0000B2F3E10010042E101 /* Build configuration list for PBXNativeTarget "RunTrackingLiveActivityExtension" */;
			buildPhases = (
				A1E000052F3E10010042E101 /* Sources */,
				A1E000042F3E10010042E101 /* Frameworks */,
				A1E000062F3E10010042E101 /* Resources */,
			);
			buildRules = (
			);
			dependencies = (
			);
			fileSystemSynchronizedGroups = (
				A1E000022F3E10010042E101 /* RunTrackingLiveActivityExtension */,
			);
			name = RunTrackingLiveActivityExtension;
			packageProductDependencies = (
			);
			productName = RunTrackingLiveActivityExtension;
			productReference = A1E000012F3E10010042E101 /* RunTrackingLiveActivityExtension.appex */;
			productType = "com.apple.product-type.app-extension";
		};
/* End PBXNativeTarget section */

/* Begin PBXProject section */
		9C1CF0A42F29A9BF0065106B /* Project object */ = {
			isa = PBXProject;
			attributes = {
				BuildIndependentTargetsInParallel = 1;
				LastSwiftUpdateCheck = 2620;
				LastUpgradeCheck = 2620;
				TargetAttributes = {
					9C1CF0AB2F29A9BF0065106B = {
						CreatedOnToolsVersion = 26.2;
					};
					A1E000032F3E10010042E101 = {
						CreatedOnToolsVersion = 26.2;
					};
				};
			};
			buildConfigurationList = 9C1CF0A72F29A9BF0065106B /* Build configuration list for PBXProject "TASUKI" */;
			developmentRegion = en;
			hasScannedForEncodings = 0;
			knownRegions = (
				en,
				Base,
			);
			mainGroup = 9C1CF0A32F29A9BF0065106B;
			minimizedProjectReferenceProxies = 1;
			packageReferences = (
				9CFE82AB2F3DD0860042D74D /* XCRemoteSwiftPackageReference "firebase-ios-sdk" */,
			);
			preferredProjectObjectVersion = 77;
			productRefGroup = 9C1CF0AD2F29A9BF0065106B /* Products */;
			projectDirPath = "";
			projectRoot = "";
			targets = (
				9C1CF0AB2F29A9BF0065106B /* TASUKI */,
				A1E000032F3E10010042E101 /* RunTrackingLiveActivityExtension */,
			);
		};
/* End PBXProject section */

/* Begin PBXResourcesBuildPhase section */
		9C1CF0AA2F29A9BF0065106B /* Resources */ = {
			isa = PBXResourcesBuildPhase;
			buildActionMask = 2147483647;
			files = (
			);
			runOnlyForDeploymentPostprocessing = 0;
		};
		A1E000062F3E10010042E101 /* Resources */ = {
			isa = PBXResourcesBuildPhase;
			buildActionMask = 2147483647;
			files = (
			);
			runOnlyForDeploymentPostprocessing = 0;
		};
/* End PBXResourcesBuildPhase section */

/* Begin PBXSourcesBuildPhase section */
		9C1CF0A82F29A9BF0065106B /* Sources */ = {
			isa = PBXSourcesBuildPhase;
			buildActionMask = 2147483647;
			files = (
			);
			runOnlyForDeploymentPostprocessing = 0;
		};
		A1E000052F3E10010042E101 /* Sources */ = {
			isa = PBXSourcesBuildPhase;
			buildActionMask = 2147483647;
			files = (
			);
			runOnlyForDeploymentPostprocessing = 0;
		};
/* End PBXSourcesBuildPhase section */

/* Begin PBXTargetDependency section */
		A1E000102F3E10010042E101 /* PBXTargetDependency */ = {
			isa = PBXTargetDependency;
			target = A1E000032F3E10010042E101 /* RunTrackingLiveActivityExtension */;
			targetProxy = A1E0000F2F3E10010042E101 /* PBXContainerItemProxy */;
		};
/* End PBXTargetDependency section */

/* Begin XCBuildConfiguration section */
		9C1CF0B52F29A9C00065106B /* Debug */ = {
			isa = XCBuildConfiguration;
			buildSettings = {
				ALWAYS_SEARCH_USER_PATHS = NO;
				ASSETCATALOG_COMPILER_GENERATE_SWIFT_ASSET_SYMBOL_EXTENSIONS = YES;
				CLANG_ANALYZER_NONNULL = YES;
				CLANG_ANALYZER_NUMBER_OBJECT_CONVERSION = YES_AGGRESSIVE;
				CLANG_CXX_LANGUAGE_STANDARD = "gnu++20";
				CLANG_ENABLE_MODULES = YES;
				CLANG_ENABLE_OBJC_ARC = YES;
				CLANG_ENABLE_OBJC_WEAK = YES;
				CLANG_WARN_BLOCK_CAPTURE_AUTORELEASING = YES;
				CLANG_WARN_BOOL_CONVERSION = YES;
				CLANG_WARN_COMMA = YES;
				CLANG_WARN_CONSTANT_CONVERSION = YES;
				CLANG_WARN_DEPRECATED_OBJC_IMPLEMENTATIONS = YES;
				CLANG_WARN_DIRECT_OBJC_ISA_USAGE = YES_ERROR;
				CLANG_WARN_DOCUMENTATION_COMMENTS = YES;
				CLANG_WARN_EMPTY_BODY = YES;
				CLANG_WARN_ENUM_CONVERSION = YES;
				CLANG_WARN_INFINITE_RECURSION = YES;
				CLANG_WARN_INT_CONVERSION = YES;
				CLANG_WARN_NON_LITERAL_NULL_CONVERSION = YES;
				CLANG_WARN_OBJC_IMPLICIT_RETAIN_SELF = YES;
				CLANG_WARN_OBJC_LITERAL_CONVERSION = YES;
				CLANG_WARN_OBJC_ROOT_CLASS = YES_ERROR;
				CLANG_WARN_QUOTED_INCLUDE_IN_FRAMEWORK_HEADER = YES;
				CLANG_WARN_RANGE_LOOP_ANALYSIS = YES;
				CLANG_WARN_STRICT_PROTOTYPES = YES;
				CLANG_WARN_SUSPICIOUS_MOVE = YES;
				CLANG_WARN_UNGUARDED_AVAILABILITY = YES_AGGRESSIVE;
				CLANG_WARN_UNREACHABLE_CODE = YES;
				CLANG_WARN__DUPLICATE_METHOD_MATCH = YES;
				COPY_PHASE_STRIP = NO;
				DEBUG_INFORMATION_FORMAT = dwarf;
				ENABLE_STRICT_OBJC_MSGSEND = YES;
				ENABLE_TESTABILITY = YES;
				ENABLE_USER_SCRIPT_SANDBOXING = YES;
				GCC_C_LANGUAGE_STANDARD = gnu17;
				GCC_DYNAMIC_NO_PIC = NO;
				GCC_NO_COMMON_BLOCKS = YES;
				GCC_OPTIMIZATION_LEVEL = 0;
				GCC_PREPROCESSOR_DEFINITIONS = (
					"DEBUG=1",
					"$(inherited)",
				);
				GCC_WARN_64_TO_32_BIT_CONVERSION = YES;
				GCC_WARN_ABOUT_RETURN_TYPE = YES_ERROR;
				GCC_WARN_UNDECLARED_SELECTOR = YES;
				GCC_WARN_UNINITIALIZED_AUTOS = YES_AGGRESSIVE;
				GCC_WARN_UNUSED_FUNCTION = YES;
				GCC_WARN_UNUSED_VARIABLE = YES;
				IPHONEOS_DEPLOYMENT_TARGET = 17.0;
				LOCALIZATION_PREFERS_STRING_CATALOGS = YES;
				MTL_ENABLE_DEBUG_INFO = INCLUDE_SOURCE;
				MTL_FAST_MATH = YES;
				ONLY_ACTIVE_ARCH = YES;
				SDKROOT = iphoneos;
				SWIFT_ACTIVE_COMPILATION_CONDITIONS = "DEBUG $(inherited)";
				SWIFT_OPTIMIZATION_LEVEL = "-Onone";
			};
			name = Debug;
		};
		9C1CF0B62F29A9C00065106B /* Release */ = {
			isa = XCBuildConfiguration;
			buildSettings = {
				ALWAYS_SEARCH_USER_PATHS = NO;
				ASSETCATALOG_COMPILER_GENERATE_SWIFT_ASSET_SYMBOL_EXTENSIONS = YES;
				CLANG_ANALYZER_NONNULL = YES;
				CLANG_ANALYZER_NUMBER_OBJECT_CONVERSION = YES_AGGRESSIVE;
				CLANG_CXX_LANGUAGE_STANDARD = "gnu++20";
				CLANG_ENABLE_MODULES = YES;
				CLANG_ENABLE_OBJC_ARC = YES;
				CLANG_ENABLE_OBJC_WEAK = YES;
				CLANG_WARN_BLOCK_CAPTURE_AUTORELEASING = YES;
				CLANG_WARN_BOOL_CONVERSION = YES;
				CLANG_WARN_COMMA = YES;
				CLANG_WARN_CONSTANT_CONVERSION = YES;
				CLANG_WARN_DEPRECATED_OBJC_IMPLEMENTATIONS = YES;
				CLANG_WARN_DIRECT_OBJC_ISA_USAGE = YES_ERROR;
				CLANG_WARN_DOCUMENTATION_COMMENTS = YES;
				CLANG_WARN_EMPTY_BODY = YES;
				CLANG_WARN_ENUM_CONVERSION = YES;
				CLANG_WARN_INFINITE_RECURSION = YES;
				CLANG_WARN_INT_CONVERSION = YES;
				CLANG_WARN_NON_LITERAL_NULL_CONVERSION = YES;
				CLANG_WARN_OBJC_IMPLICIT_RETAIN_SELF = YES;
				CLANG_WARN_OBJC_LITERAL_CONVERSION = YES;
				CLANG_WARN_OBJC_ROOT_CLASS = YES_ERROR;
				CLANG_WARN_QUOTED_INCLUDE_IN_FRAMEWORK_HEADER = YES;
				CLANG_WARN_RANGE_LOOP_ANALYSIS = YES;
				CLANG_WARN_STRICT_PROTOTYPES = YES;
				CLANG_WARN_SUSPICIOUS_MOVE = YES;
				CLANG_WARN_UNGUARDED_AVAILABILITY = YES_AGGRESSIVE;
				CLANG_WARN_UNREACHABLE_CODE = YES;
				CLANG_WARN__DUPLICATE_METHOD_MATCH = YES;
				COPY_PHASE_STRIP = NO;
				DEBUG_INFORMATION_FORMAT = "dwarf-with-dsym";
				ENABLE_NS_ASSERTIONS = NO;
				ENABLE_STRICT_OBJC_MSGSEND = YES;
				ENABLE_USER_SCRIPT_SANDBOXING = YES;
				GCC_C_LANGUAGE_STANDARD = gnu17;
				GCC_NO_COMMON_BLOCKS = YES;
				GCC_WARN_64_TO_32_BIT_CONVERSION = YES;
				GCC_WARN_ABOUT_RETURN_TYPE = YES_ERROR;
				GCC_WARN_UNDECLARED_SELECTOR = YES;
				GCC_WARN_UNINITIALIZED_AUTOS = YES_AGGRESSIVE;
				GCC_WARN_UNUSED_FUNCTION = YES;
				GCC_WARN_UNUSED_VARIABLE = YES;
				IPHONEOS_DEPLOYMENT_TARGET = 17.0;
				LOCALIZATION_PREFERS_STRING_CATALOGS = YES;
				MTL_ENABLE_DEBUG_INFO = NO;
				MTL_FAST_MATH = YES;
				SDKROOT = iphoneos;
				SWIFT_COMPILATION_MODE = wholemodule;
				VALIDATE_PRODUCT = YES;
			};
			name = Release;
		};
		9C1CF0B82F29A9C00065106B /* Debug */ = {
			isa = XCBuildConfiguration;
			buildSettings = {
				ASSETCATALOG_COMPILER_APPICON_NAME = AppIcon;
				ASSETCATALOG_COMPILER_GLOBAL_ACCENT_COLOR_NAME = AccentColor;
				CODE_SIGN_ENTITLEMENTS = TASUKI/TASUKI.entitlements;
				CODE_SIGN_STYLE = Automatic;
				CURRENT_PROJECT_VERSION = 1;
				DEVELOPMENT_TEAM = 8L28L4978U;
				ENABLE_PREVIEWS = YES;
				GENERATE_INFOPLIST_FILE = YES;
				INFOPLIST_FILE = TASUKI/Info.plist;
				INFOPLIST_KEY_UIApplicationSceneManifest_Generation = YES;
				INFOPLIST_KEY_UIApplicationSupportsIndirectInputEvents = YES;
				INFOPLIST_KEY_UILaunchScreen_Generation = YES;
				INFOPLIST_KEY_UISupportedInterfaceOrientations_iPad = "UIInterfaceOrientationPortrait UIInterfaceOrientationPortraitUpsideDown UIInterfaceOrientationLandscapeLeft UIInterfaceOrientationLandscapeRight";
				INFOPLIST_KEY_UISupportedInterfaceOrientations_iPhone = "UIInterfaceOrientationPortrait UIInterfaceOrientationLandscapeLeft UIInterfaceOrientationLandscapeRight";
				LD_RUNPATH_SEARCH_PATHS = (
					"$(inherited)",
					"@executable_path/Frameworks",
				);
				MARKETING_VERSION = 1.0;
				PRODUCT_BUNDLE_IDENTIFIER = jp.tasuki.TASUKI;
				PRODUCT_NAME = "$(TARGET_NAME)";
				STRING_CATALOG_GENERATE_SYMBOLS = YES;
				SWIFT_APPROACHABLE_CONCURRENCY = YES;
				SWIFT_DEFAULT_ACTOR_ISOLATION = MainActor;
				SWIFT_EMIT_LOC_STRINGS = YES;
				SWIFT_UPCOMING_FEATURE_MEMBER_IMPORT_VISIBILITY = YES;
				SWIFT_VERSION = 5.0;
				TARGETED_DEVICE_FAMILY = "1,2";
			};
			name = Debug;
		};
		9C1CF0B92F29A9C00065106B /* Release */ = {
			isa = XCBuildConfiguration;
			buildSettings = {
				ASSETCATALOG_COMPILER_APPICON_NAME = AppIcon;
				ASSETCATALOG_COMPILER_GLOBAL_ACCENT_COLOR_NAME = AccentColor;
				CODE_SIGN_ENTITLEMENTS = TASUKI/TASUKI.entitlements;
				CODE_SIGN_STYLE = Automatic;
				CURRENT_PROJECT_VERSION = 1;
				DEVELOPMENT_TEAM = 8L28L4978U;
				ENABLE_PREVIEWS = YES;
				GENERATE_INFOPLIST_FILE = YES;
				INFOPLIST_FILE = TASUKI/Info.plist;
				INFOPLIST_KEY_UIApplicationSceneManifest_Generation = YES;
				INFOPLIST_KEY_UIApplicationSupportsIndirectInputEvents = YES;
				INFOPLIST_KEY_UILaunchScreen_Generation = YES;
				INFOPLIST_KEY_UISupportedInterfaceOrientations_iPad = "UIInterfaceOrientationPortrait UIInterfaceOrientationPortraitUpsideDown UIInterfaceOrientationLandscapeLeft UIInterfaceOrientationLandscapeRight";
				INFOPLIST_KEY_UISupportedInterfaceOrientations_iPhone = "UIInterfaceOrientationPortrait UIInterfaceOrientationLandscapeLeft UIInterfaceOrientationLandscapeRight";
				LD_RUNPATH_SEARCH_PATHS = (
					"$(inherited)",
					"@executable_path/Frameworks",
				);
				MARKETING_VERSION = 1.0;
				PRODUCT_BUNDLE_IDENTIFIER = jp.tasuki.TASUKI;
				PRODUCT_NAME = "$(TARGET_NAME)";
				STRING_CATALOG_GENERATE_SYMBOLS = YES;
				SWIFT_APPROACHABLE_CONCURRENCY = YES;
				SWIFT_DEFAULT_ACTOR_ISOLATION = MainActor;
				SWIFT_EMIT_LOC_STRINGS = YES;
				SWIFT_UPCOMING_FEATURE_MEMBER_IMPORT_VISIBILITY = YES;
				SWIFT_VERSION = 5.0;
				TARGETED_DEVICE_FAMILY = "1,2";
			};
			name = Release;
		};
		A1E0000C2F3E10010042E101 /* Debug */ = {
			isa = XCBuildConfiguration;
			buildSettings = {
				APPLICATION_EXTENSION_API_ONLY = YES;
				CODE_SIGN_IDENTITY = "Apple Development";
				CODE_SIGN_STYLE = Automatic;
				CURRENT_PROJECT_VERSION = 1;
				DEVELOPMENT_TEAM = 8L28L4978U;
				GENERATE_INFOPLIST_FILE = NO;
				INFOPLIST_FILE = RunTrackingLiveActivityExtension/Info.plist;
				IPHONEOS_DEPLOYMENT_TARGET = 17.0;
				LD_RUNPATH_SEARCH_PATHS = (
					"$(inherited)",
					"@executable_path/Frameworks",
					"@executable_path/../../Frameworks",
				);
				MARKETING_VERSION = 1.0;
				PRODUCT_BUNDLE_IDENTIFIER = jp.tasuki.TASUKI.RunTrackingLiveActivity;
				PRODUCT_NAME = "$(TARGET_NAME)";
				PROVISIONING_PROFILE_SPECIFIER = "";
				SKIP_INSTALL = YES;
				SWIFT_APPROACHABLE_CONCURRENCY = YES;
				SWIFT_DEFAULT_ACTOR_ISOLATION = MainActor;
				SWIFT_EMIT_LOC_STRINGS = YES;
				SWIFT_UPCOMING_FEATURE_MEMBER_IMPORT_VISIBILITY = YES;
				SWIFT_VERSION = 5.0;
				TARGETED_DEVICE_FAMILY = "1,2";
			};
			name = Debug;
		};
		A1E0000D2F3E10010042E101 /* Release */ = {
			isa = XCBuildConfiguration;
			buildSettings = {
				APPLICATION_EXTENSION_API_ONLY = YES;
				CODE_SIGN_IDENTITY = "Apple Development";
				CODE_SIGN_STYLE = Automatic;
				CURRENT_PROJECT_VERSION = 1;
				DEVELOPMENT_TEAM = 8L28L4978U;
				GENERATE_INFOPLIST_FILE = NO;
				INFOPLIST_FILE = RunTrackingLiveActivityExtension/Info.plist;
				IPHONEOS_DEPLOYMENT_TARGET = 17.0;
				LD_RUNPATH_SEARCH_PATHS = (
					"$(inherited)",
					"@executable_path/Frameworks",
					"@executable_path/../../Frameworks",
				);
				MARKETING_VERSION = 1.0;
				PRODUCT_BUNDLE_IDENTIFIER = jp.tasuki.TASUKI.RunTrackingLiveActivity;
				PRODUCT_NAME = "$(TARGET_NAME)";
				PROVISIONING_PROFILE_SPECIFIER = "";
				SKIP_INSTALL = YES;
				SWIFT_APPROACHABLE_CONCURRENCY = YES;
				SWIFT_DEFAULT_ACTOR_ISOLATION = MainActor;
				SWIFT_EMIT_LOC_STRINGS = YES;
				SWIFT_UPCOMING_FEATURE_MEMBER_IMPORT_VISIBILITY = YES;
				SWIFT_VERSION = 5.0;
				TARGETED_DEVICE_FAMILY = "1,2";
			};
			name = Release;
		};
/* End XCBuildConfiguration section */

/* Begin XCConfigurationList section */
		9C1CF0A72F29A9BF0065106B /* Build configuration list for PBXProject "TASUKI" */ = {
			isa = XCConfigurationList;
			buildConfigurations = (
				9C1CF0B52F29A9C00065106B /* Debug */,
				9C1CF0B62F29A9C00065106B /* Release */,
			);
			defaultConfigurationIsVisible = 0;
			defaultConfigurationName = Release;
		};
		9C1CF0B72F29A9C00065106B /* Build configuration list for PBXNativeTarget "TASUKI" */ = {
			isa = XCConfigurationList;
			buildConfigurations = (
				9C1CF0B82F29A9C00065106B /* Debug */,
				9C1CF0B92F29A9C00065106B /* Release */,
			);
			defaultConfigurationIsVisible = 0;
			defaultConfigurationName = Release;
		};
		A1E0000B2F3E10010042E101 /* Build configuration list for PBXNativeTarget "RunTrackingLiveActivityExtension" */ = {
			isa = XCConfigurationList;
			buildConfigurations = (
				A1E0000C2F3E10010042E101 /* Debug */,
				A1E0000D2F3E10010042E101 /* Release */,
			);
			defaultConfigurationIsVisible = 0;
			defaultConfigurationName = Release;
		};
/* End XCConfigurationList section */

/* Begin XCRemoteSwiftPackageReference section */
		9CFE82AB2F3DD0860042D74D /* XCRemoteSwiftPackageReference "firebase-ios-sdk" */ = {
			isa = XCRemoteSwiftPackageReference;
			repositoryURL = "https://github.com/firebase/firebase-ios-sdk";
			requirement = {
				kind = upToNextMajorVersion;
				minimumVersion = 12.9.0;
			};
		};
/* End XCRemoteSwiftPackageReference section */

/* Begin XCSwiftPackageProductDependency section */
		9CFE82AC2F3DD0860042D74D /* FirebaseAnalytics */ = {
			isa = XCSwiftPackageProductDependency;
			package = 9CFE82AB2F3DD0860042D74D /* XCRemoteSwiftPackageReference "firebase-ios-sdk" */;
			productName = FirebaseAnalytics;
		};
		9CFE82AE2F3DD0860042D74D /* FirebaseAuth */ = {
			isa = XCSwiftPackageProductDependency;
			package = 9CFE82AB2F3DD0860042D74D /* XCRemoteSwiftPackageReference "firebase-ios-sdk" */;
			productName = FirebaseAuth;
		};
		9CFE82B02F3DD0860042D74D /* FirebaseFirestore */ = {
			isa = XCSwiftPackageProductDependency;
			package = 9CFE82AB2F3DD0860042D74D /* XCRemoteSwiftPackageReference "firebase-ios-sdk" */;
			productName = FirebaseFirestore;
		};
		9CFE82B22F3DD0860042D74D /* FirebaseStorage */ = {
			isa = XCSwiftPackageProductDependency;
			package = 9CFE82AB2F3DD0860042D74D /* XCRemoteSwiftPackageReference "firebase-ios-sdk" */;
			productName = FirebaseStorage;
		};
		9CFE82B72F3DD0860042D74D /* FirebaseFunctions */ = {
			isa = XCSwiftPackageProductDependency;
			package = 9CFE82AB2F3DD0860042D74D /* XCRemoteSwiftPackageReference "firebase-ios-sdk" */;
			productName = FirebaseFunctions;
		};
		B2E000022F4AA0010042E101 /* FirebaseMessaging */ = {
			isa = XCSwiftPackageProductDependency;
			package = 9CFE82AB2F3DD0860042D74D /* XCRemoteSwiftPackageReference "firebase-ios-sdk" */;
			productName = FirebaseMessaging;
		};
/* End XCSwiftPackageProductDependency section */
	};
	rootObject = 9C1CF0A42F29A9BF0065106B /* Project object */;
}
